
Microsoft Visual Studio Solution File, Format Version 12.00
# Visual Studio Version 17
VisualStudioVersion = 17.13.35913.81 d17.13
MinimumVisualStudioVersion = 10.0.40219.1
Project("{FAE04EC0-301F-11D3-BF4B-00C04F79EFBC}") = "PracticaPreParcial", "PracticaPreParcial\PracticaPreParcial.csproj", "{33A1D7B1-5589-43F4-B35E-56EB112C4B3D}"
EndProject
Project("{FAE04EC0-301F-11D3-BF4B-00C04F79EFBC}") = "PracticaPreParcialService", "PracticaPreParcialService\PracticaPreParcialService.csproj", "{13C30C94-0CCF-4D04-9E78-79EB8EA7E8CB}"
EndProject
Global
	GlobalSection(SolutionConfigurationPlatforms) = preSolution
		Debug|Any CPU = Debug|Any CPU
		Release|Any CPU = Release|Any CPU
	EndGlobalSection
	GlobalSection(ProjectConfigurationPlatforms) = postSolution
		{33A1D7B1-5589-43F4-B35E-56EB112C4B3D}.Debug|Any CPU.ActiveCfg = Debug|Any CPU
		{33A1D7B1-5589-43F4-B35E-56EB112C4B3D}.Debug|Any CPU.Build.0 = Debug|Any CPU
		{33A1D7B1-5589-43F4-B35E-56EB112C4B3D}.Release|Any CPU.ActiveCfg = Release|Any CPU
		{33A1D7B1-5589-43F4-B35E-56EB112C4B3D}.Release|Any CPU.Build.0 = Release|Any CPU
		{13C30C94-0CCF-4D04-9E78-79EB8EA7E8CB}.Debug|Any CPU.ActiveCfg = Debug|Any CPU
		{13C30C94-0CCF-4D04-9E78-79EB8EA7E8CB}.Debug|Any CPU.Build.0 = Debug|Any CPU
		{13C30C94-0CCF-4D04-9E78-79EB8EA7E8CB}.Release|Any CPU.ActiveCfg = Release|Any CPU
		{13C30C94-0CCF-4D04-9E78-79EB8EA7E8CB}.Release|Any CPU.Build.0 = Release|Any CPU
	EndGlobalSection
	GlobalSection(SolutionProperties) = preSolution
		HideSolutionNode = FALSE
	EndGlobalSection
	GlobalSection(ExtensibilityGlobals) = postSolution
		SolutionGuid = {236246C3-AF78-4846-9202-674645F8B0AC}
	EndGlobalSection
EndGlobal
